
Microsoft Visual Studio Solution File, Format Version 12.00
# Visual Studio 2013
VisualStudioVersion = 12.0.21005.1
MinimumVisualStudioVersion = 10.0.40219.1
Project("{FAE04EC0-301F-11D3-BF4B-00C04F79EFBC}") = "01. TaskOne", "01. TaskOne\01. TaskOne.csproj", "{11BB0F9D-1F33-4664-A4C9-121A6E71ED69}"
EndProject
Project("{FAE04EC0-301F-11D3-BF4B-00C04F79EFBC}") = "02 TaskTwoList", "02 TaskTwoList\02 TaskTwoList.csproj", "{38F39C44-34F5-4826-89A3-B7D014D5C7A2}"
EndProject
Project("{FAE04EC0-301F-11D3-BF4B-00C04F79EFBC}") = "03. TaskThreeDogeSocialNetwork", "03. TaskThreeDogeSocialNetwork\03. TaskThreeDogeSocialNetwork.csproj", "{C4A80A3E-CC40-4594-8ACC-C04140F78F9C}"
EndProject
Global
	GlobalSection(SolutionConfigurationPlatforms) = preSolution
		Debug|Any CPU = Debug|Any CPU
		Release|Any CPU = Release|Any CPU
	EndGlobalSection
	GlobalSection(ProjectConfigurationPlatforms) = postSolution
		{11BB0F9D-1F33-4664-A4C9-121A6E71ED69}.Debug|Any CPU.ActiveCfg = Debug|Any CPU
		{11BB0F9D-1F33-4664-A4C9-121A6E71ED69}.Debug|Any CPU.Build.0 = Debug|Any CPU
		{11BB0F9D-1F33-4664-A4C9-121A6E71ED69}.Release|Any CPU.ActiveCfg = Release|Any CPU
		{11BB0F9D-1F33-4664-A4C9-121A6E71ED69}.Release|Any CPU.Build.0 = Release|Any CPU
		{38F39C44-34F5-4826-89A3-B7D014D5C7A2}.Debug|Any CPU.ActiveCfg = Debug|Any CPU
		{38F39C44-34F5-4826-89A3-B7D014D5C7A2}.Debug|Any CPU.Build.0 = Debug|Any CPU
		{38F39C44-34F5-4826-89A3-B7D014D5C7A2}.Release|Any CPU.ActiveCfg = Release|Any CPU
		{38F39C44-34F5-4826-89A3-B7D014D5C7A2}.Release|Any CPU.Build.0 = Release|Any CPU
		{C4A80A3E-CC40-4594-8ACC-C04140F78F9C}.Debug|Any CPU.ActiveCfg = Debug|Any CPU
		{C4A80A3E-CC40-4594-8ACC-C04140F78F9C}.Debug|Any CPU.Build.0 = Debug|Any CPU
		{C4A80A3E-CC40-4594-8ACC-C04140F78F9C}.Release|Any CPU.ActiveCfg = Release|Any CPU
		{C4A80A3E-CC40-4594-8ACC-C04140F78F9C}.Release|Any CPU.Build.0 = Release|Any CPU
	EndGlobalSection
	GlobalSection(SolutionProperties) = preSolution
		HideSolutionNode = FALSE
	EndGlobalSection
EndGlobal
