
Microsoft Visual Studio Solution File, Format Version 12.00
# Visual Studio 2013
VisualStudioVersion = 12.0.30110.0
MinimumVisualStudioVersion = 10.0.40219.1
Project("{F184B08F-C81C-45F6-A57F-5ABD9991F28F}") = "01.WebForm", "01.WebForm\01.WebForm.vbproj", "{EC098263-0A13-419B-B569-52DB3DC5CB41}"
EndProject
Project("{F184B08F-C81C-45F6-A57F-5ABD9991F28F}") = "02.Students", "02.Students\02.Students.vbproj", "{DAD5D07D-09D9-43C8-897C-60DF3AE44813}"
EndProject
Project("{F184B08F-C81C-45F6-A57F-5ABD9991F28F}") = "03.Laptops", "03.Laptops\03.Laptops.vbproj", "{8C364140-7D0F-4573-A953-52D03E75E466}"
EndProject
Project("{F184B08F-C81C-45F6-A57F-5ABD9991F28F}") = "04.GridTable", "04.GridTable\04.GridTable.vbproj", "{A8C73DFF-E583-4474-8C21-55FF595A9C3E}"
EndProject
Global
	GlobalSection(SolutionConfigurationPlatforms) = preSolution
		Debug|Any CPU = Debug|Any CPU
		Release|Any CPU = Release|Any CPU
	EndGlobalSection
	GlobalSection(ProjectConfigurationPlatforms) = postSolution
		{EC098263-0A13-419B-B569-52DB3DC5CB41}.Debug|Any CPU.ActiveCfg = Debug|Any CPU
		{EC098263-0A13-419B-B569-52DB3DC5CB41}.Debug|Any CPU.Build.0 = Debug|Any CPU
		{EC098263-0A13-419B-B569-52DB3DC5CB41}.Release|Any CPU.ActiveCfg = Release|Any CPU
		{EC098263-0A13-419B-B569-52DB3DC5CB41}.Release|Any CPU.Build.0 = Release|Any CPU
		{DAD5D07D-09D9-43C8-897C-60DF3AE44813}.Debug|Any CPU.ActiveCfg = Debug|Any CPU
		{DAD5D07D-09D9-43C8-897C-60DF3AE44813}.Debug|Any CPU.Build.0 = Debug|Any CPU
		{DAD5D07D-09D9-43C8-897C-60DF3AE44813}.Release|Any CPU.ActiveCfg = Release|Any CPU
		{DAD5D07D-09D9-43C8-897C-60DF3AE44813}.Release|Any CPU.Build.0 = Release|Any CPU
		{8C364140-7D0F-4573-A953-52D03E75E466}.Debug|Any CPU.ActiveCfg = Debug|Any CPU
		{8C364140-7D0F-4573-A953-52D03E75E466}.Debug|Any CPU.Build.0 = Debug|Any CPU
		{8C364140-7D0F-4573-A953-52D03E75E466}.Release|Any CPU.ActiveCfg = Release|Any CPU
		{8C364140-7D0F-4573-A953-52D03E75E466}.Release|Any CPU.Build.0 = Release|Any CPU
		{A8C73DFF-E583-4474-8C21-55FF595A9C3E}.Debug|Any CPU.ActiveCfg = Debug|Any CPU
		{A8C73DFF-E583-4474-8C21-55FF595A9C3E}.Debug|Any CPU.Build.0 = Debug|Any CPU
		{A8C73DFF-E583-4474-8C21-55FF595A9C3E}.Release|Any CPU.ActiveCfg = Release|Any CPU
		{A8C73DFF-E583-4474-8C21-55FF595A9C3E}.Release|Any CPU.Build.0 = Release|Any CPU
	EndGlobalSection
	GlobalSection(SolutionProperties) = preSolution
		HideSolutionNode = FALSE
	EndGlobalSection
EndGlobal
